
Microsoft Visual Studio Solution File, Format Version 12.00
# Visual Studio 2013
VisualStudioVersion = 12.0.30110.0
MinimumVisualStudioVersion = 10.0.40219.1
Project("{FAE04EC0-301F-11D3-BF4B-00C04F79EFBC}") = "BSUIR.TermWork.ImageViewer.Model", "BSUIR.TermWork.ImageViewer.Model\BSUIR.TermWork.ImageViewer.Model.csproj", "{BAEEBE4A-EA27-407F-BB1F-851B9BDA6526}"
EndProject
Project("{FAE04EC0-301F-11D3-BF4B-00C04F79EFBC}") = "BSUIR.TermWork.ImageViewer.Data.EF", "BSUIR.TermWork.ImageViewer.Data.EF\BSUIR.TermWork.ImageViewer.Data.EF.csproj", "{E4DEB6EB-9EE6-4640-B1F2-38E490AADB40}"
EndProject
Project("{FAE04EC0-301F-11D3-BF4B-00C04F79EFBC}") = "BSUIR.TermWork.ImageViewer.Data", "BSUIR.TermWork.ImageViewer.Data\BSUIR.TermWork.ImageViewer.Data.csproj", "{D1984E02-9283-4626-B1AA-1A16206FB19F}"
EndProject
Project("{2150E333-8FDC-42A3-9474-1A3956D46DE8}") = "Data", "Data", "{9C9AE4CE-A5E7-48FE-9CEF-D34C957E07F8}"
EndProject
Project("{2150E333-8FDC-42A3-9474-1A3956D46DE8}") = "Model", "Model", "{8DD4FA85-FD31-4248-BFC2-CD0F60CC4B64}"
EndProject
Project("{2150E333-8FDC-42A3-9474-1A3956D46DE8}") = "Services", "Services", "{3496FE67-3D0F-4A1F-BDAD-54B37300C270}"
EndProject
Project("{2150E333-8FDC-42A3-9474-1A3956D46DE8}") = "UI", "UI", "{34C1FB8D-22B6-48A0-A0C8-8C27FB3F5B5A}"
EndProject
Project("{2150E333-8FDC-42A3-9474-1A3956D46DE8}") = "Tests", "Tests", "{F94D3C0D-5DE1-4076-A0A3-D5EB9A26F66D}"
EndProject
Project("{2150E333-8FDC-42A3-9474-1A3956D46DE8}") = "Shared", "Shared", "{A8B7D312-C63B-4B65-B163-8FE1D3713FE1}"
EndProject
Project("{FAE04EC0-301F-11D3-BF4B-00C04F79EFBC}") = "BSUIR.TermWork.ImageViewer.Shared", "BSUIR.TermWork.ImageViewer.Shared\BSUIR.TermWork.ImageViewer.Shared.csproj", "{8B87910C-1599-4361-BD11-D909113A8EFE}"
EndProject
Project("{FAE04EC0-301F-11D3-BF4B-00C04F79EFBC}") = "BSUIR.TermWork.ImageViewer.UI.WebSite", "BSUIR.TermWork.ImageViewer.UI.WebSite\BSUIR.TermWork.ImageViewer.UI.WebSite.csproj", "{8AFDBB62-BECE-4BC4-B30C-943F43D508EA}"
EndProject
Project("{FAE04EC0-301F-11D3-BF4B-00C04F79EFBC}") = "BSUIR.TermWork.ImageViewer.Services.Contracts", "BSUIR.TermWork.ImageViewer.Services.Contracts\BSUIR.TermWork.ImageViewer.Services.Contracts.csproj", "{D9C82DF9-7F43-459B-A3A1-5BF35BD32207}"
EndProject
Project("{FAE04EC0-301F-11D3-BF4B-00C04F79EFBC}") = "BSUIR.TermWork.ImageViewer.Services", "BSUIR.TermWork.ImageViewer.Services\BSUIR.TermWork.ImageViewer.Services.csproj", "{A5D8CEEF-AC53-4B7F-9BE3-00CA723738A8}"
EndProject
Project("{FAE04EC0-301F-11D3-BF4B-00C04F79EFBC}") = "BSUIR.TermWork.ImageViewer.UI.Infrastructure", "BSUIR.TermWork.ImageViewer.UI.Infrastructure\BSUIR.TermWork.ImageViewer.UI.Infrastructure.csproj", "{6384A1BE-361E-4109-9C82-B1DA4E0E82C4}"
EndProject
Project("{FAE04EC0-301F-11D3-BF4B-00C04F79EFBC}") = "BSUIR.TermWork.ImageViewer.Resources", "BSUIR.TermWork.ImageViewer.Resources\BSUIR.TermWork.ImageViewer.Resources.csproj", "{A532C7A4-46A0-403B-A2BD-E7D4BB761710}"
EndProject
Project("{2150E333-8FDC-42A3-9474-1A3956D46DE8}") = ".nuget", ".nuget", "{BC89763C-83CE-4085-AE49-C1945197CFF2}"
	ProjectSection(SolutionItems) = preProject
		.nuget\packages.config = .nuget\packages.config
	EndProjectSection
EndProject
Global
	GlobalSection(SolutionConfigurationPlatforms) = preSolution
		Debug|Any CPU = Debug|Any CPU
		Release|Any CPU = Release|Any CPU
	EndGlobalSection
	GlobalSection(ProjectConfigurationPlatforms) = postSolution
		{BAEEBE4A-EA27-407F-BB1F-851B9BDA6526}.Debug|Any CPU.ActiveCfg = Debug|Any CPU
		{BAEEBE4A-EA27-407F-BB1F-851B9BDA6526}.Debug|Any CPU.Build.0 = Debug|Any CPU
		{BAEEBE4A-EA27-407F-BB1F-851B9BDA6526}.Release|Any CPU.ActiveCfg = Release|Any CPU
		{BAEEBE4A-EA27-407F-BB1F-851B9BDA6526}.Release|Any CPU.Build.0 = Release|Any CPU
		{E4DEB6EB-9EE6-4640-B1F2-38E490AADB40}.Debug|Any CPU.ActiveCfg = Debug|Any CPU
		{E4DEB6EB-9EE6-4640-B1F2-38E490AADB40}.Debug|Any CPU.Build.0 = Debug|Any CPU
		{E4DEB6EB-9EE6-4640-B1F2-38E490AADB40}.Release|Any CPU.ActiveCfg = Release|Any CPU
		{E4DEB6EB-9EE6-4640-B1F2-38E490AADB40}.Release|Any CPU.Build.0 = Release|Any CPU
		{D1984E02-9283-4626-B1AA-1A16206FB19F}.Debug|Any CPU.ActiveCfg = Debug|Any CPU
		{D1984E02-9283-4626-B1AA-1A16206FB19F}.Debug|Any CPU.Build.0 = Debug|Any CPU
		{D1984E02-9283-4626-B1AA-1A16206FB19F}.Release|Any CPU.ActiveCfg = Release|Any CPU
		{D1984E02-9283-4626-B1AA-1A16206FB19F}.Release|Any CPU.Build.0 = Release|Any CPU
		{8B87910C-1599-4361-BD11-D909113A8EFE}.Debug|Any CPU.ActiveCfg = Debug|Any CPU
		{8B87910C-1599-4361-BD11-D909113A8EFE}.Debug|Any CPU.Build.0 = Debug|Any CPU
		{8B87910C-1599-4361-BD11-D909113A8EFE}.Release|Any CPU.ActiveCfg = Release|Any CPU
		{8B87910C-1599-4361-BD11-D909113A8EFE}.Release|Any CPU.Build.0 = Release|Any CPU
		{8AFDBB62-BECE-4BC4-B30C-943F43D508EA}.Debug|Any CPU.ActiveCfg = Debug|Any CPU
		{8AFDBB62-BECE-4BC4-B30C-943F43D508EA}.Debug|Any CPU.Build.0 = Debug|Any CPU
		{8AFDBB62-BECE-4BC4-B30C-943F43D508EA}.Release|Any CPU.ActiveCfg = Release|Any CPU
		{8AFDBB62-BECE-4BC4-B30C-943F43D508EA}.Release|Any CPU.Build.0 = Release|Any CPU
		{D9C82DF9-7F43-459B-A3A1-5BF35BD32207}.Debug|Any CPU.ActiveCfg = Debug|Any CPU
		{D9C82DF9-7F43-459B-A3A1-5BF35BD32207}.Debug|Any CPU.Build.0 = Debug|Any CPU
		{D9C82DF9-7F43-459B-A3A1-5BF35BD32207}.Release|Any CPU.ActiveCfg = Release|Any CPU
		{D9C82DF9-7F43-459B-A3A1-5BF35BD32207}.Release|Any CPU.Build.0 = Release|Any CPU
		{A5D8CEEF-AC53-4B7F-9BE3-00CA723738A8}.Debug|Any CPU.ActiveCfg = Debug|Any CPU
		{A5D8CEEF-AC53-4B7F-9BE3-00CA723738A8}.Debug|Any CPU.Build.0 = Debug|Any CPU
		{A5D8CEEF-AC53-4B7F-9BE3-00CA723738A8}.Release|Any CPU.ActiveCfg = Release|Any CPU
		{A5D8CEEF-AC53-4B7F-9BE3-00CA723738A8}.Release|Any CPU.Build.0 = Release|Any CPU
		{6384A1BE-361E-4109-9C82-B1DA4E0E82C4}.Debug|Any CPU.ActiveCfg = Debug|Any CPU
		{6384A1BE-361E-4109-9C82-B1DA4E0E82C4}.Debug|Any CPU.Build.0 = Debug|Any CPU
		{6384A1BE-361E-4109-9C82-B1DA4E0E82C4}.Release|Any CPU.ActiveCfg = Release|Any CPU
		{6384A1BE-361E-4109-9C82-B1DA4E0E82C4}.Release|Any CPU.Build.0 = Release|Any CPU
		{A532C7A4-46A0-403B-A2BD-E7D4BB761710}.Debug|Any CPU.ActiveCfg = Debug|Any CPU
		{A532C7A4-46A0-403B-A2BD-E7D4BB761710}.Debug|Any CPU.Build.0 = Debug|Any CPU
		{A532C7A4-46A0-403B-A2BD-E7D4BB761710}.Release|Any CPU.ActiveCfg = Release|Any CPU
		{A532C7A4-46A0-403B-A2BD-E7D4BB761710}.Release|Any CPU.Build.0 = Release|Any CPU
	EndGlobalSection
	GlobalSection(SolutionProperties) = preSolution
		HideSolutionNode = FALSE
	EndGlobalSection
	GlobalSection(NestedProjects) = preSolution
		{BAEEBE4A-EA27-407F-BB1F-851B9BDA6526} = {8DD4FA85-FD31-4248-BFC2-CD0F60CC4B64}
		{D1984E02-9283-4626-B1AA-1A16206FB19F} = {9C9AE4CE-A5E7-48FE-9CEF-D34C957E07F8}
		{E4DEB6EB-9EE6-4640-B1F2-38E490AADB40} = {9C9AE4CE-A5E7-48FE-9CEF-D34C957E07F8}
		{D9C82DF9-7F43-459B-A3A1-5BF35BD32207} = {3496FE67-3D0F-4A1F-BDAD-54B37300C270}
		{A5D8CEEF-AC53-4B7F-9BE3-00CA723738A8} = {3496FE67-3D0F-4A1F-BDAD-54B37300C270}
		{8AFDBB62-BECE-4BC4-B30C-943F43D508EA} = {34C1FB8D-22B6-48A0-A0C8-8C27FB3F5B5A}
		{6384A1BE-361E-4109-9C82-B1DA4E0E82C4} = {34C1FB8D-22B6-48A0-A0C8-8C27FB3F5B5A}
		{8B87910C-1599-4361-BD11-D909113A8EFE} = {A8B7D312-C63B-4B65-B163-8FE1D3713FE1}
		{A532C7A4-46A0-403B-A2BD-E7D4BB761710} = {A8B7D312-C63B-4B65-B163-8FE1D3713FE1}
	EndGlobalSection
EndGlobal
